
Microsoft Visual Studio Solution File, Format Version 12.00
# Visual Studio 15
VisualStudioVersion = 15.0.28307.136
MinimumVisualStudioVersion = 10.0.40219.1
Project("{FAE04EC0-301F-11D3-BF4B-00C04F79EFBC}") = "ServerPenAudio", "ServerPenAudio\ServerPenAudio.csproj", "{169ACA65-AFAA-4DAD-BC60-B4CCC0874268}"
EndProject
Global
	GlobalSection(SolutionConfigurationPlatforms) = preSolution
		Debug|Any CPU = Debug|Any CPU
		Release|Any CPU = Release|Any CPU
	EndGlobalSection
	GlobalSection(ProjectConfigurationPlatforms) = postSolution
		{169ACA65-AFAA-4DAD-BC60-B4CCC0874268}.Debug|Any CPU.ActiveCfg = Debug|Any CPU
		{169ACA65-AFAA-4DAD-BC60-B4CCC0874268}.Debug|Any CPU.Build.0 = Debug|Any CPU
		{169ACA65-AFAA-4DAD-BC60-B4CCC0874268}.Release|Any CPU.ActiveCfg = Release|Any CPU
		{169ACA65-AFAA-4DAD-BC60-B4CCC0874268}.Release|Any CPU.Build.0 = Release|Any CPU
	EndGlobalSection
	GlobalSection(SolutionProperties) = preSolution
		HideSolutionNode = FALSE
	EndGlobalSection
	GlobalSection(ExtensibilityGlobals) = postSolution
		SolutionGuid = {892414C0-5B28-4058-B163-DDDD097CA7C9}
	EndGlobalSection
EndGlobal
